// !$*UTF8*$!
{
	archiveVersion = 1;
	classes = {
	};
	objectVersion = 50;
	objects = {

/* Begin PBXBuildFile section */
		5D09BCF8291F8C2C00B18B7F /* BleCentralManager.m in Sources */ = {isa = PBXBuildFile; fileRef = 5D09BCF7291F8C2C00B18B7F /* BleCentralManager.m */; };
		5D09BCFF291FF25100B18B7F /* BleProfile.m in Sources */ = {isa = PBXBuildFile; fileRef = 5D09BCFE291FF25100B18B7F /* BleProfile.m */; };
		5D0FC834291E9E610057DF6D /* OtherView.m in Sources */ = {isa = PBXBuildFile; fileRef = 5D0FC833291E9E610057DF6D /* OtherView.m */; };
		5D0FC841291F1DF90057DF6D /* SelectedButton.m in Sources */ = {isa = PBXBuildFile; fileRef = 5D0FC840291F1DF90057DF6D /* SelectedButton.m */; };
		5D8A0EAD291D215C004203E7 /* ModeButton.m in Sources */ = {isa = PBXBuildFile; fileRef = 5D8A0EAC291D215C004203E7 /* ModeButton.m */; };
		5D8A0EB1291D2297004203E7 /* ModeView.m in Sources */ = {isa = PBXBuildFile; fileRef = 5D8A0EB0291D2297004203E7 /* ModeView.m */; };
		5D8A0EB5291D3819004203E7 /* VolumeView.m in Sources */ = {isa = PBXBuildFile; fileRef = 5D8A0EB4291D3819004203E7 /* VolumeView.m */; };
		5D8A0EB9291D390E004203E7 /* VolumeSlider.m in Sources */ = {isa = PBXBuildFile; fileRef = 5D8A0EB8291D390E004203E7 /* VolumeSlider.m */; };
		5D8A0EBD291D4053004203E7 /* FreqResponseView.m in Sources */ = {isa = PBXBuildFile; fileRef = 5D8A0EBC291D4053004203E7 /* FreqResponseView.m */; };
		5D8A0EC1291DC9D2004203E7 /* ProtectEarView.m in Sources */ = {isa = PBXBuildFile; fileRef = 5D8A0EC0291DC9D2004203E7 /* ProtectEarView.m */; };
		5D8A0EC5291DCB45004203E7 /* ProtectEarSlider.m in Sources */ = {isa = PBXBuildFile; fileRef = 5D8A0EC4291DCB45004203E7 /* ProtectEarSlider.m */; };
		5D8C2EA7291A81A800355218 /* AppDelegate.m in Sources */ = {isa = PBXBuildFile; fileRef = 5D8C2EA6291A81A800355218 /* AppDelegate.m */; };
		5D8C2EAA291A81A800355218 /* SceneDelegate.m in Sources */ = {isa = PBXBuildFile; fileRef = 5D8C2EA9291A81A800355218 /* SceneDelegate.m */; };
		5D8C2EAD291A81A800355218 /* ViewController.m in Sources */ = {isa = PBXBuildFile; fileRef = 5D8C2EAC291A81A800355218 /* ViewController.m */; };
		5D8C2EB0291A81A800355218 /* Main.storyboard in Resources */ = {isa = PBXBuildFile; fileRef = 5D8C2EAE291A81A800355218 /* Main.storyboard */; };
		5D8C2EB2291A81A800355218 /* Assets.xcassets in Resources */ = {isa = PBXBuildFile; fileRef = 5D8C2EB1291A81A800355218 /* Assets.xcassets */; };
		5D8C2EB5291A81A800355218 /* LaunchScreen.storyboard in Resources */ = {isa = PBXBuildFile; fileRef = 5D8C2EB3291A81A800355218 /* LaunchScreen.storyboard */; };
		5D8C2EB8291A81A800355218 /* main.m in Sources */ = {isa = PBXBuildFile; fileRef = 5D8C2EB7291A81A800355218 /* main.m */; };
		5D8C2EC1291A912600355218 /* NavButton.m in Sources */ = {isa = PBXBuildFile; fileRef = 5D8C2EC0291A912600355218 /* NavButton.m */; };
/* End PBXBuildFile section */

/* Begin PBXFileReference section */
		5D09BCF6291F8C2C00B18B7F /* BleCentralManager.h */ = {isa = PBXFileReference; lastKnownFileType = sourcecode.c.h; path = BleCentralManager.h; sourceTree = "<group>"; };
		5D09BCF7291F8C2C00B18B7F /* BleCentralManager.m */ = {isa = PBXFileReference; lastKnownFileType = sourcecode.c.objc; path = BleCentralManager.m; sourceTree = "<group>"; };
		5D09BCFB291FEEA600B18B7F /* BleUserDelegate.h */ = {isa = PBXFileReference; lastKnownFileType = sourcecode.c.h; path = BleUserDelegate.h; sourceTree = "<group>"; };
		5D09BCFD291FF25100B18B7F /* BleProfile.h */ = {isa = PBXFileReference; lastKnownFileType = sourcecode.c.h; path = BleProfile.h; sourceTree = "<group>"; };
		5D09BCFE291FF25100B18B7F /* BleProfile.m */ = {isa = PBXFileReference; lastKnownFileType = sourcecode.c.objc; path = BleProfile.m; sourceTree = "<group>"; };
		5D0FC832291E9E610057DF6D /* OtherView.h */ = {isa = PBXFileReference; lastKnownFileType = sourcecode.c.h; path = OtherView.h; sourceTree = "<group>"; };
		5D0FC833291E9E610057DF6D /* OtherView.m */ = {isa = PBXFileReference; lastKnownFileType = sourcecode.c.objc; path = OtherView.m; sourceTree = "<group>"; };
		5D0FC83F291F1DF90057DF6D /* SelectedButton.h */ = {isa = PBXFileReference; lastKnownFileType = sourcecode.c.h; path = SelectedButton.h; sourceTree = "<group>"; };
		5D0FC840291F1DF90057DF6D /* SelectedButton.m */ = {isa = PBXFileReference; lastKnownFileType = sourcecode.c.objc; path = SelectedButton.m; sourceTree = "<group>"; };
		5D8A0EAB291D215C004203E7 /* ModeButton.h */ = {isa = PBXFileReference; lastKnownFileType = sourcecode.c.h; path = ModeButton.h; sourceTree = "<group>"; };
		5D8A0EAC291D215C004203E7 /* ModeButton.m */ = {isa = PBXFileReference; lastKnownFileType = sourcecode.c.objc; path = ModeButton.m; sourceTree = "<group>"; };
		5D8A0EAF291D2297004203E7 /* ModeView.h */ = {isa = PBXFileReference; lastKnownFileType = sourcecode.c.h; path = ModeView.h; sourceTree = "<group>"; };
		5D8A0EB0291D2297004203E7 /* ModeView.m */ = {isa = PBXFileReference; lastKnownFileType = sourcecode.c.objc; path = ModeView.m; sourceTree = "<group>"; };
		5D8A0EB3291D3819004203E7 /* VolumeView.h */ = {isa = PBXFileReference; lastKnownFileType = sourcecode.c.h; path = VolumeView.h; sourceTree = "<group>"; };
		5D8A0EB4291D3819004203E7 /* VolumeView.m */ = {isa = PBXFileReference; lastKnownFileType = sourcecode.c.objc; path = VolumeView.m; sourceTree = "<group>"; };
		5D8A0EB7291D390E004203E7 /* VolumeSlider.h */ = {isa = PBXFileReference; lastKnownFileType = sourcecode.c.h; path = VolumeSlider.h; sourceTree = "<group>"; };
		5D8A0EB8291D390E004203E7 /* VolumeSlider.m */ = {isa = PBXFileReference; lastKnownFileType = sourcecode.c.objc; path = VolumeSlider.m; sourceTree = "<group>"; };
		5D8A0EBB291D4053004203E7 /* FreqResponseView.h */ = {isa = PBXFileReference; lastKnownFileType = sourcecode.c.h; path = FreqResponseView.h; sourceTree = "<group>"; };
		5D8A0EBC291D4053004203E7 /* FreqResponseView.m */ = {isa = PBXFileReference; lastKnownFileType = sourcecode.c.objc; path = FreqResponseView.m; sourceTree = "<group>"; };
		5D8A0EBF291DC9D2004203E7 /* ProtectEarView.h */ = {isa = PBXFileReference; lastKnownFileType = sourcecode.c.h; path = ProtectEarView.h; sourceTree = "<group>"; };
		5D8A0EC0291DC9D2004203E7 /* ProtectEarView.m */ = {isa = PBXFileReference; lastKnownFileType = sourcecode.c.objc; path = ProtectEarView.m; sourceTree = "<group>"; };
		5D8A0EC3291DCB45004203E7 /* ProtectEarSlider.h */ = {isa = PBXFileReference; lastKnownFileType = sourcecode.c.h; path = ProtectEarSlider.h; sourceTree = "<group>"; };
		5D8A0EC4291DCB45004203E7 /* ProtectEarSlider.m */ = {isa = PBXFileReference; lastKnownFileType = sourcecode.c.objc; path = ProtectEarSlider.m; sourceTree = "<group>"; };
		5D8C2EA2291A81A800355218 /* AmpliferNav.app */ = {isa = PBXFileReference; explicitFileType = wrapper.application; includeInIndex = 0; path = AmpliferNav.app; sourceTree = BUILT_PRODUCTS_DIR; };
		5D8C2EA5291A81A800355218 /* AppDelegate.h */ = {isa = PBXFileReference; lastKnownFileType = sourcecode.c.h; path = AppDelegate.h; sourceTree = "<group>"; };
		5D8C2EA6291A81A800355218 /* AppDelegate.m */ = {isa = PBXFileReference; lastKnownFileType = sourcecode.c.objc; path = AppDelegate.m; sourceTree = "<group>"; };
		5D8C2EA8291A81A800355218 /* SceneDelegate.h */ = {isa = PBXFileReference; lastKnownFileType = sourcecode.c.h; path = SceneDelegate.h; sourceTree = "<group>"; };
		5D8C2EA9291A81A800355218 /* SceneDelegate.m */ = {isa = PBXFileReference; lastKnownFileType = sourcecode.c.objc; path = SceneDelegate.m; sourceTree = "<group>"; };
		5D8C2EAB291A81A800355218 /* ViewController.h */ = {isa = PBXFileReference; lastKnownFileType = sourcecode.c.h; path = ViewController.h; sourceTree = "<group>"; };
		5D8C2EAC291A81A800355218 /* ViewController.m */ = {isa = PBXFileReference; lastKnownFileType = sourcecode.c.objc; path = ViewController.m; sourceTree = "<group>"; };
		5D8C2EAF291A81A800355218 /* Base */ = {isa = PBXFileReference; lastKnownFileType = file.storyboard; name = Base; path = Base.lproj/Main.storyboard; sourceTree = "<group>"; };
		5D8C2EB1291A81A800355218 /* Assets.xcassets */ = {isa = PBXFileReference; lastKnownFileType = folder.assetcatalog; path = Assets.xcassets; sourceTree = "<group>"; };
		5D8C2EB4291A81A800355218 /* Base */ = {isa = PBXFileReference; lastKnownFileType = file.storyboard; name = Base; path = Base.lproj/LaunchScreen.storyboard; sourceTree = "<group>"; };
		5D8C2EB6291A81A800355218 /* Info.plist */ = {isa = PBXFileReference; lastKnownFileType = text.plist.xml; path = Info.plist; sourceTree = "<group>"; };
		5D8C2EB7291A81A800355218 /* main.m */ = {isa = PBXFileReference; lastKnownFileType = sourcecode.c.objc; path = main.m; sourceTree = "<group>"; };
		5D8C2EBF291A912600355218 /* NavButton.h */ = {isa = PBXFileReference; lastKnownFileType = sourcecode.c.h; path = NavButton.h; sourceTree = "<group>"; };
		5D8C2EC0291A912600355218 /* NavButton.m */ = {isa = PBXFileReference; lastKnownFileType = sourcecode.c.objc; path = NavButton.m; sourceTree = "<group>"; };
/* End PBXFileReference section */

/* Begin PBXFrameworksBuildPhase section */
		5D8C2E9F291A81A800355218 /* Frameworks */ = {
			isa = PBXFrameworksBuildPhase;
			buildActionMask = 2147483647;
			files = (
			);
			runOnlyForDeploymentPostprocessing = 0;
		};
/* End PBXFrameworksBuildPhase section */

/* Begin PBXGroup section */
		5D09BCF5291F8AEB00B18B7F /* Bluetooth */ = {
			isa = PBXGroup;
			children = (
				5D09BCF6291F8C2C00B18B7F /* BleCentralManager.h */,
				5D09BCF7291F8C2C00B18B7F /* BleCentralManager.m */,
				5D09BCFB291FEEA600B18B7F /* BleUserDelegate.h */,
				5D09BCFD291FF25100B18B7F /* BleProfile.h */,
				5D09BCFE291FF25100B18B7F /* BleProfile.m */,
			);
			path = Bluetooth;
			sourceTree = "<group>";
		};
		5D0FC836291F10010057DF6D /* Views */ = {
			isa = PBXGroup;
			children = (
				5D8C2EAB291A81A800355218 /* ViewController.h */,
				5D8C2EAC291A81A800355218 /* ViewController.m */,
				5D0FC832291E9E610057DF6D /* OtherView.h */,
				5D0FC833291E9E610057DF6D /* OtherView.m */,
				5D8A0EBF291DC9D2004203E7 /* ProtectEarView.h */,
				5D8A0EC0291DC9D2004203E7 /* ProtectEarView.m */,
				5D8A0EBB291D4053004203E7 /* FreqResponseView.h */,
				5D8A0EBC291D4053004203E7 /* FreqResponseView.m */,
				5D8A0EB3291D3819004203E7 /* VolumeView.h */,
				5D8A0EB4291D3819004203E7 /* VolumeView.m */,
				5D8A0EAF291D2297004203E7 /* ModeView.h */,
				5D8A0EB0291D2297004203E7 /* ModeView.m */,
			);
			path = Views;
			sourceTree = "<group>";
		};
		5D0FC839291F10C40057DF6D /* Widget */ = {
			isa = PBXGroup;
			children = (
				5D8C2EBF291A912600355218 /* NavButton.h */,
				5D8C2EC0291A912600355218 /* NavButton.m */,
				5D8A0EAB291D215C004203E7 /* ModeButton.h */,
				5D8A0EAC291D215C004203E7 /* ModeButton.m */,
				5D8A0EB7291D390E004203E7 /* VolumeSlider.h */,
				5D8A0EB8291D390E004203E7 /* VolumeSlider.m */,
				5D8A0EC3291DCB45004203E7 /* ProtectEarSlider.h */,
				5D8A0EC4291DCB45004203E7 /* ProtectEarSlider.m */,
				5D0FC83F291F1DF90057DF6D /* SelectedButton.h */,
				5D0FC840291F1DF90057DF6D /* SelectedButton.m */,
			);
			path = Widget;
			sourceTree = "<group>";
		};
		5D0FC83A291F10F30057DF6D /* Support */ = {
			isa = PBXGroup;
			children = (
				5D8C2EB1291A81A800355218 /* Assets.xcassets */,
				5D8C2EB7291A81A800355218 /* main.m */,
				5D8C2EA5291A81A800355218 /* AppDelegate.h */,
				5D8C2EA6291A81A800355218 /* AppDelegate.m */,
				5D8C2EA8291A81A800355218 /* SceneDelegate.h */,
				5D8C2EA9291A81A800355218 /* SceneDelegate.m */,
			);
			path = Support;
			sourceTree = "<group>";
		};
		5D8C2E99291A81A800355218 = {
			isa = PBXGroup;
			children = (
				5D8C2EA4291A81A800355218 /* AmpliferNav */,
				5D8C2EA3291A81A800355218 /* Products */,
			);
			sourceTree = "<group>";
		};
		5D8C2EA3291A81A800355218 /* Products */ = {
			isa = PBXGroup;
			children = (
				5D8C2EA2291A81A800355218 /* AmpliferNav.app */,
			);
			name = Products;
			sourceTree = "<group>";
		};
		5D8C2EA4291A81A800355218 /* AmpliferNav */ = {
			isa = PBXGroup;
			children = (
				5D09BCF5291F8AEB00B18B7F /* Bluetooth */,
				5D8C2EB6291A81A800355218 /* Info.plist */,
				5D0FC83A291F10F30057DF6D /* Support */,
				5D0FC839291F10C40057DF6D /* Widget */,
				5D0FC836291F10010057DF6D /* Views */,
				5D8C2EAE291A81A800355218 /* Main.storyboard */,
				5D8C2EB3291A81A800355218 /* LaunchScreen.storyboard */,
			);
			path = AmpliferNav;
			sourceTree = "<group>";
		};
/* End PBXGroup section */

/* Begin PBXNativeTarget section */
		5D8C2EA1291A81A800355218 /* AmpliferNav */ = {
			isa = PBXNativeTarget;
			buildConfigurationList = 5D8C2EBB291A81A800355218 /* Build configuration list for PBXNativeTarget "AmpliferNav" */;
			buildPhases = (
				5D8C2E9E291A81A800355218 /* Sources */,
				5D8C2E9F291A81A800355218 /* Frameworks */,
				5D8C2EA0291A81A800355218 /* Resources */,
			);
			buildRules = (
			);
			dependencies = (
			);
			name = AmpliferNav;
			productName = AmpliferNav;
			productReference = 5D8C2EA2291A81A800355218 /* AmpliferNav.app */;
			productType = "com.apple.product-type.application";
		};
/* End PBXNativeTarget section */

/* Begin PBXProject section */
		5D8C2E9A291A81A800355218 /* Project object */ = {
			isa = PBXProject;
			attributes = {
				LastUpgradeCheck = 1240;
				TargetAttributes = {
					5D8C2EA1291A81A800355218 = {
						CreatedOnToolsVersion = 12.4;
					};
				};
			};
			buildConfigurationList = 5D8C2E9D291A81A800355218 /* Build configuration list for PBXProject "AmpliferNav" */;
			compatibilityVersion = "Xcode 9.3";
			developmentRegion = en;
			hasScannedForEncodings = 0;
			knownRegions = (
				en,
				Base,
			);
			mainGroup = 5D8C2E99291A81A800355218;
			productRefGroup = 5D8C2EA3291A81A800355218 /* Products */;
			projectDirPath = "";
			projectRoot = "";
			targets = (
				5D8C2EA1291A81A800355218 /* AmpliferNav */,
			);
		};
/* End PBXProject section */

/* Begin PBXResourcesBuildPhase section */
		5D8C2EA0291A81A800355218 /* Resources */ = {
			isa = PBXResourcesBuildPhase;
			buildActionMask = 2147483647;
			files = (
				5D8C2EB5291A81A800355218 /* LaunchScreen.storyboard in Resources */,
				5D8C2EB2291A81A800355218 /* Assets.xcassets in Resources */,
				5D8C2EB0291A81A800355218 /* Main.storyboard in Resources */,
			);
			runOnlyForDeploymentPostprocessing = 0;
		};
/* End PBXResourcesBuildPhase section */

/* Begin PBXSourcesBuildPhase section */
		5D8C2E9E291A81A800355218 /* Sources */ = {
			isa = PBXSourcesBuildPhase;
			buildActionMask = 2147483647;
			files = (
				5D8A0EAD291D215C004203E7 /* ModeButton.m in Sources */,
				5D8A0EC5291DCB45004203E7 /* ProtectEarSlider.m in Sources */,
				5D09BCF8291F8C2C00B18B7F /* BleCentralManager.m in Sources */,
				5D8C2EAD291A81A800355218 /* ViewController.m in Sources */,
				5D8A0EB5291D3819004203E7 /* VolumeView.m in Sources */,
				5D8A0EBD291D4053004203E7 /* FreqResponseView.m in Sources */,
				5D8A0EB9291D390E004203E7 /* VolumeSlider.m in Sources */,
				5D0FC834291E9E610057DF6D /* OtherView.m in Sources */,
				5D8C2EA7291A81A800355218 /* AppDelegate.m in Sources */,
				5D8A0EB1291D2297004203E7 /* ModeView.m in Sources */,
				5D8C2EB8291A81A800355218 /* main.m in Sources */,
				5D09BCFF291FF25100B18B7F /* BleProfile.m in Sources */,
				5D0FC841291F1DF90057DF6D /* SelectedButton.m in Sources */,
				5D8A0EC1291DC9D2004203E7 /* ProtectEarView.m in Sources */,
				5D8C2EAA291A81A800355218 /* SceneDelegate.m in Sources */,
				5D8C2EC1291A912600355218 /* NavButton.m in Sources */,
			);
			runOnlyForDeploymentPostprocessing = 0;
		};
/* End PBXSourcesBuildPhase section */

/* Begin PBXVariantGroup section */
		5D8C2EAE291A81A800355218 /* Main.storyboard */ = {
			isa = PBXVariantGroup;
			children = (
				5D8C2EAF291A81A800355218 /* Base */,
			);
			name = Main.storyboard;
			sourceTree = "<group>";
		};
		5D8C2EB3291A81A800355218 /* LaunchScreen.storyboard */ = {
			isa = PBXVariantGroup;
			children = (
				5D8C2EB4291A81A800355218 /* Base */,
			);
			name = LaunchScreen.storyboard;
			sourceTree = "<group>";
		};
/* End PBXVariantGroup section */

/* Begin XCBuildConfiguration section */
		5D8C2EB9291A81A800355218 /* Debug */ = {
			isa = XCBuildConfiguration;
			buildSettings = {
				ALWAYS_SEARCH_USER_PATHS = NO;
				CLANG_ANALYZER_NONNULL = YES;
				CLANG_ANALYZER_NUMBER_OBJECT_CONVERSION = YES_AGGRESSIVE;
				CLANG_CXX_LANGUAGE_STANDARD = "gnu++14";
				CLANG_CXX_LIBRARY = "libc++";
				CLANG_ENABLE_MODULES = YES;
				CLANG_ENABLE_OBJC_ARC = YES;
				CLANG_ENABLE_OBJC_WEAK = YES;
				CLANG_WARN_BLOCK_CAPTURE_AUTORELEASING = YES;
				CLANG_WARN_BOOL_CONVERSION = YES;
				CLANG_WARN_COMMA = YES;
				CLANG_WARN_CONSTANT_CONVERSION = YES;
				CLANG_WARN_DEPRECATED_OBJC_IMPLEMENTATIONS = YES;
				CLANG_WARN_DIRECT_OBJC_ISA_USAGE = YES_ERROR;
				CLANG_WARN_DOCUMENTATION_COMMENTS = YES;
				CLANG_WARN_EMPTY_BODY = YES;
				CLANG_WARN_ENUM_CONVERSION = YES;
				CLANG_WARN_INFINITE_RECURSION = YES;
				CLANG_WARN_INT_CONVERSION = YES;
				CLANG_WARN_NON_LITERAL_NULL_CONVERSION = YES;
				CLANG_WARN_OBJC_IMPLICIT_RETAIN_SELF = YES;
				CLANG_WARN_OBJC_LITERAL_CONVERSION = YES;
				CLANG_WARN_OBJC_ROOT_CLASS = YES_ERROR;
				CLANG_WARN_QUOTED_INCLUDE_IN_FRAMEWORK_HEADER = YES;
				CLANG_WARN_RANGE_LOOP_ANALYSIS = YES;
				CLANG_WARN_STRICT_PROTOTYPES = YES;
				CLANG_WARN_SUSPICIOUS_MOVE = YES;
				CLANG_WARN_UNGUARDED_AVAILABILITY = YES_AGGRESSIVE;
				CLANG_WARN_UNREACHABLE_CODE = YES;
				CLANG_WARN__DUPLICATE_METHOD_MATCH = YES;
				COPY_PHASE_STRIP = NO;
				DEBUG_INFORMATION_FORMAT = dwarf;
				ENABLE_STRICT_OBJC_MSGSEND = YES;
				ENABLE_TESTABILITY = YES;
				GCC_C_LANGUAGE_STANDARD = gnu11;
				GCC_DYNAMIC_NO_PIC = NO;
				GCC_NO_COMMON_BLOCKS = YES;
				GCC_OPTIMIZATION_LEVEL = 0;
				GCC_PREPROCESSOR_DEFINITIONS = (
					"DEBUG=1",
					"$(inherited)",
				);
				GCC_WARN_64_TO_32_BIT_CONVERSION = YES;
				GCC_WARN_ABOUT_RETURN_TYPE = YES_ERROR;
				GCC_WARN_UNDECLARED_SELECTOR = YES;
				GCC_WARN_UNINITIALIZED_AUTOS = YES_AGGRESSIVE;
				GCC_WARN_UNUSED_FUNCTION = YES;
				GCC_WARN_UNUSED_VARIABLE = YES;
				IPHONEOS_DEPLOYMENT_TARGET = 14.4;
				MTL_ENABLE_DEBUG_INFO = INCLUDE_SOURCE;
				MTL_FAST_MATH = YES;
				ONLY_ACTIVE_ARCH = YES;
				SDKROOT = iphoneos;
			};
			name = Debug;
		};
		5D8C2EBA291A81A800355218 /* Release */ = {
			isa = XCBuildConfiguration;
			buildSettings = {
				ALWAYS_SEARCH_USER_PATHS = NO;
				CLANG_ANALYZER_NONNULL = YES;
				CLANG_ANALYZER_NUMBER_OBJECT_CONVERSION = YES_AGGRESSIVE;
				CLANG_CXX_LANGUAGE_STANDARD = "gnu++14";
				CLANG_CXX_LIBRARY = "libc++";
				CLANG_ENABLE_MODULES = YES;
				CLANG_ENABLE_OBJC_ARC = YES;
				CLANG_ENABLE_OBJC_WEAK = YES;
				CLANG_WARN_BLOCK_CAPTURE_AUTORELEASING = YES;
				CLANG_WARN_BOOL_CONVERSION = YES;
				CLANG_WARN_COMMA = YES;
				CLANG_WARN_CONSTANT_CONVERSION = YES;
				CLANG_WARN_DEPRECATED_OBJC_IMPLEMENTATIONS = YES;
				CLANG_WARN_DIRECT_OBJC_ISA_USAGE = YES_ERROR;
				CLANG_WARN_DOCUMENTATION_COMMENTS = YES;
				CLANG_WARN_EMPTY_BODY = YES;
				CLANG_WARN_ENUM_CONVERSION = YES;
				CLANG_WARN_INFINITE_RECURSION = YES;
				CLANG_WARN_INT_CONVERSION = YES;
				CLANG_WARN_NON_LITERAL_NULL_CONVERSION = YES;
				CLANG_WARN_OBJC_IMPLICIT_RETAIN_SELF = YES;
				CLANG_WARN_OBJC_LITERAL_CONVERSION = YES;
				CLANG_WARN_OBJC_ROOT_CLASS = YES_ERROR;
				CLANG_WARN_QUOTED_INCLUDE_IN_FRAMEWORK_HEADER = YES;
				CLANG_WARN_RANGE_LOOP_ANALYSIS = YES;
				CLANG_WARN_STRICT_PROTOTYPES = YES;
				CLANG_WARN_SUSPICIOUS_MOVE = YES;
				CLANG_WARN_UNGUARDED_AVAILABILITY = YES_AGGRESSIVE;
				CLANG_WARN_UNREACHABLE_CODE = YES;
				CLANG_WARN__DUPLICATE_METHOD_MATCH = YES;
				COPY_PHASE_STRIP = NO;
				DEBUG_INFORMATION_FORMAT = "dwarf-with-dsym";
				ENABLE_NS_ASSERTIONS = NO;
				ENABLE_STRICT_OBJC_MSGSEND = YES;
				GCC_C_LANGUAGE_STANDARD = gnu11;
				GCC_NO_COMMON_BLOCKS = YES;
				GCC_WARN_64_TO_32_BIT_CONVERSION = YES;
				GCC_WARN_ABOUT_RETURN_TYPE = YES_ERROR;
				GCC_WARN_UNDECLARED_SELECTOR = YES;
				GCC_WARN_UNINITIALIZED_AUTOS = YES_AGGRESSIVE;
				GCC_WARN_UNUSED_FUNCTION = YES;
				GCC_WARN_UNUSED_VARIABLE = YES;
				IPHONEOS_DEPLOYMENT_TARGET = 14.4;
				MTL_ENABLE_DEBUG_INFO = NO;
				MTL_FAST_MATH = YES;
				SDKROOT = iphoneos;
				VALIDATE_PRODUCT = YES;
			};
			name = Release;
		};
		5D8C2EBC291A81A800355218 /* Debug */ = {
			isa = XCBuildConfiguration;
			buildSettings = {
				ASSETCATALOG_COMPILER_APPICON_NAME = AppIcon;
				ASSETCATALOG_COMPILER_GLOBAL_ACCENT_COLOR_NAME = AccentColor;
				CODE_SIGN_STYLE = Automatic;
				DEVELOPMENT_TEAM = V2TT889887;
				INFOPLIST_FILE = AmpliferNav/Info.plist;
				LD_RUNPATH_SEARCH_PATHS = (
					"$(inherited)",
					"@executable_path/Frameworks",
				);
				PRODUCT_BUNDLE_IDENTIFIER = com.llyan.AmpliferNav;
				PRODUCT_NAME = "$(TARGET_NAME)";
				TARGETED_DEVICE_FAMILY = "1,2";
			};
			name = Debug;
		};
		5D8C2EBD291A81A800355218 /* Release */ = {
			isa = XCBuildConfiguration;
			buildSettings = {
				ASSETCATALOG_COMPILER_APPICON_NAME = AppIcon;
				ASSETCATALOG_COMPILER_GLOBAL_ACCENT_COLOR_NAME = AccentColor;
				CODE_SIGN_STYLE = Automatic;
				DEVELOPMENT_TEAM = V2TT889887;
				INFOPLIST_FILE = AmpliferNav/Info.plist;
				LD_RUNPATH_SEARCH_PATHS = (
					"$(inherited)",
					"@executable_path/Frameworks",
				);
				PRODUCT_BUNDLE_IDENTIFIER = com.llyan.AmpliferNav;
				PRODUCT_NAME = "$(TARGET_NAME)";
				TARGETED_DEVICE_FAMILY = "1,2";
			};
			name = Release;
		};
/* End XCBuildConfiguration section */

/* Begin XCConfigurationList section */
		5D8C2E9D291A81A800355218 /* Build configuration list for PBXProject "AmpliferNav" */ = {
			isa = XCConfigurationList;
			buildConfigurations = (
				5D8C2EB9291A81A800355218 /* Debug */,
				5D8C2EBA291A81A800355218 /* Release */,
			);
			defaultConfigurationIsVisible = 0;
			defaultConfigurationName = Release;
		};
		5D8C2EBB291A81A800355218 /* Build configuration list for PBXNativeTarget "AmpliferNav" */ = {
			isa = XCConfigurationList;
			buildConfigurations = (
				5D8C2EBC291A81A800355218 /* Debug */,
				5D8C2EBD291A81A800355218 /* Release */,
			);
			defaultConfigurationIsVisible = 0;
			defaultConfigurationName = Release;
		};
/* End XCConfigurationList section */
	};
	rootObject = 5D8C2E9A291A81A800355218 /* Project object */;
}
